
Microsoft Visual Studio Solution File, Format Version 12.00
# Visual Studio Version 17
VisualStudioVersion = 17.11.35327.3
MinimumVisualStudioVersion = 10.0.40219.1
Project("{9A19103F-16F7-4668-BE54-9A1E7A4F7556}") = "ConsoleApp1", "ConsoleApp1\ConsoleApp1.csproj", "{42136848-BE41-4981-804C-54F6B82C8337}"
EndProject
Project("{FAE04EC0-301F-11D3-BF4B-00C04F79EFBC}") = "PokerTest", "PokerTest\PokerTest.csproj", "{FB549D7A-3600-4AE2-9B67-5562B3651AD5}"
EndProject
Global
	GlobalSection(SolutionConfigurationPlatforms) = preSolution
		Debug|Any CPU = Debug|Any CPU
		Release|Any CPU = Release|Any CPU
	EndGlobalSection
	GlobalSection(ProjectConfigurationPlatforms) = postSolution
		{42136848-BE41-4981-804C-54F6B82C8337}.Debug|Any CPU.ActiveCfg = Debug|Any CPU
		{42136848-BE41-4981-804C-54F6B82C8337}.Debug|Any CPU.Build.0 = Debug|Any CPU
		{42136848-BE41-4981-804C-54F6B82C8337}.Release|Any CPU.ActiveCfg = Release|Any CPU
		{42136848-BE41-4981-804C-54F6B82C8337}.Release|Any CPU.Build.0 = Release|Any CPU
		{FB549D7A-3600-4AE2-9B67-5562B3651AD5}.Debug|Any CPU.ActiveCfg = Debug|Any CPU
		{FB549D7A-3600-4AE2-9B67-5562B3651AD5}.Debug|Any CPU.Build.0 = Debug|Any CPU
		{FB549D7A-3600-4AE2-9B67-5562B3651AD5}.Release|Any CPU.ActiveCfg = Release|Any CPU
		{FB549D7A-3600-4AE2-9B67-5562B3651AD5}.Release|Any CPU.Build.0 = Release|Any CPU
	EndGlobalSection
	GlobalSection(SolutionProperties) = preSolution
		HideSolutionNode = FALSE
	EndGlobalSection
	GlobalSection(ExtensibilityGlobals) = postSolution
		SolutionGuid = {4C40CAE3-2737-490D-AAE4-E12F5EF0C1C4}
	EndGlobalSection
EndGlobal
